
Microsoft Visual Studio Solution File, Format Version 12.00
# Visual Studio Version 17
VisualStudioVersion = 17.4.33103.184
MinimumVisualStudioVersion = 10.0.40219.1
Project("{FAE04EC0-301F-11D3-BF4B-00C04F79EFBC}") = "MetalGearSolidHeranca", "MetalGearSolidHeranca\MetalGearSolidHeranca.csproj", "{432214C8-C345-4971-A163-E870B2C510EA}"
EndProject
Global
	GlobalSection(SolutionConfigurationPlatforms) = preSolution
		Debug|Any CPU = Debug|Any CPU
		Release|Any CPU = Release|Any CPU
	EndGlobalSection
	GlobalSection(ProjectConfigurationPlatforms) = postSolution
		{432214C8-C345-4971-A163-E870B2C510EA}.Debug|Any CPU.ActiveCfg = Debug|Any CPU
		{432214C8-C345-4971-A163-E870B2C510EA}.Debug|Any CPU.Build.0 = Debug|Any CPU
		{432214C8-C345-4971-A163-E870B2C510EA}.Release|Any CPU.ActiveCfg = Release|Any CPU
		{432214C8-C345-4971-A163-E870B2C510EA}.Release|Any CPU.Build.0 = Release|Any CPU
	EndGlobalSection
	GlobalSection(SolutionProperties) = preSolution
		HideSolutionNode = FALSE
	EndGlobalSection
	GlobalSection(ExtensibilityGlobals) = postSolution
		SolutionGuid = {306C6EBB-B946-40FE-8BCA-6823BB1BF108}
	EndGlobalSection
EndGlobal
